{
  "name": "hc-pkgcache-consumer-1788220522",
  "version": "1.0.0",
  "lockfileVersion": 3,
  "requires": true,
  "packages": {
    "": {
      "name": "hc-pkgcache-consumer-1788220522",
      "version": "1.0.0",
      "dependencies": {
        "@mr-benty/hc-pkgcache-1788220522": "1.0.0"
      }
    },
    "node_modules/@mr-benty/hc-pkgcache-1788220522": {
      "version": "1.0.0",
      "resolved": "https://npm.pkg.github.com/download/@mr-benty/hc-pkgcache-1788220522/1.0.0/ecb9a48851722e40727374cab793f46e615e5526",
      "integrity": "sha512-TqI8jIKxS648eBmbdxszfB654k1KumijwH30AMfAecIrNmCp70nb5GNOolITbY671FiR0PoSZNtoClDZ7PYWhw=="
    }
  }
}
